<?xml version="1.0" encoding="utf-8"?>
<Project ToolsVersion="4.0" xmlns="http://schemas.microsoft.com/developer/msbuild/2003">
  <ItemGroup>
    <Filter Include="Source Files">
      <UniqueIdentifier>{4FC737F1-C7A5-4376-A066-2A32D752A2FF}</UniqueIdentifier>
      <Extensions>cpp;c;cc;cxx;c++;cppm;ixx;def;odl;idl;hpj;bat;asm;asmx</Extensions>
    </Filter>
    <Filter Include="Header Files">
      <UniqueIdentifier>{93995380-89BD-4b04-88EB-625FBE52EBFB}</UniqueIdentifier>
      <Extensions>h;hh;hpp;hxx;h++;hm;inl;inc;ipp;xsd</Extensions>
    </Filter>
    <Filter Include="Resource Files">
      <UniqueIdentifier>{67DA6AB6-F800-4c08-8B7A-83BB121AAD01}</UniqueIdentifier>
      <Extensions>rc;ico;cur;bmp;dlg;rc2;rct;bin;rgs;gif;jpg;jpeg;jpe;resx;tiff;tif;png;wav;mfcribbon-ms</Extensions>
    </Filter>
  </ItemGroup>
  <ItemGroup>
    <ClCompile Include="Algorithms &amp; Problem Solving Level 3.cpp">
      <Filter>Source Files</Filter>
    </ClCompile>
    <ClCompile Include="3.3 Random Matrix Problem #1.cpp">
      <Filter>Source Files</Filter>
    </ClCompile>
    <ClCompile Include="Problem #02 Print 3by3 matrix and print rows sum.cpp">
      <Filter>Source Files</Filter>
    </ClCompile>
    <ClCompile Include="problem#3 each row sum in array.cpp">
      <Filter>Source Files</Filter>
    </ClCompile>
    <ClCompile Include="problem#4 Print Each Cols Sum In Array.cpp">
      <Filter>Source Files</Filter>
    </ClCompile>
    <ClCompile Include="problem#5 each col sum in array.cpp">
      <Filter>Source Files</Filter>
    </ClCompile>
    <ClCompile Include="Problem#6 Orderd Number in Matrix.cpp">
      <Filter>Source Files</Filter>
    </ClCompile>
    <ClCompile Include="Problem#7 Transposed Matrix.cpp">
      <Filter>Source Files</Filter>
    </ClCompile>
    <ClCompile Include="Problem #08 Muliyply 2 matrix.cpp">
      <Filter>Source Files</Filter>
    </ClCompile>
    <ClCompile Include="Problem#9 Print middle rows and cols in matrix.cpp">
      <Filter>Source Files</Filter>
    </ClCompile>
    <ClCompile Include="Problem #10 Sum of matrix.cpp">
      <Filter>Source Files</Filter>
    </ClCompile>
    <ClCompile Include="Problem #11  compare between 2 matrices.cpp">
      <Filter>Source Files</Filter>
    </ClCompile>
    <ClCompile Include="Problem#12 Check Typical Matrix.cpp">
      <Filter>Source Files</Filter>
    </ClCompile>
    <ClCompile Include="Problem #13 chick if identity.cpp">
      <Filter>Source Files</Filter>
    </ClCompile>
    <ClCompile Include="Problem#14 Chick if scalar matrix.cpp">
      <Filter>Source Files</Filter>
    </ClCompile>
    <ClCompile Include="Problem#15 Count Number In Matrix.cpp">
      <Filter>Source Files</Filter>
    </ClCompile>
    <ClCompile Include="Problem #16 chick if sparce matrix.cpp">
      <Filter>Source Files</Filter>
    </ClCompile>
    <ClCompile Include="Problem#17 Is Exists.cpp">
      <Filter>Source Files</Filter>
    </ClCompile>
    <ClCompile Include="Problem #18 intersected numbers in matrices.cpp">
      <Filter>Source Files</Filter>
    </ClCompile>
    <ClCompile Include="Problem #19 Min and Max Number in matrix.cpp">
      <Filter>Source Files</Filter>
    </ClCompile>
    <ClCompile Include="Problem#20 is Palendrome.cpp">
      <Filter>Source Files</Filter>
    </ClCompile>
    <ClCompile Include="Problem#21 Fibonanci series.cpp">
      <Filter>Source Files</Filter>
    </ClCompile>
    <ClCompile Include="Problem#22 Fibonancci using Recursion.cpp">
      <Filter>Source Files</Filter>
    </ClCompile>
    <ClCompile Include="Problem#23 Print First Letter Of Each Word.cpp">
      <Filter>Source Files</Filter>
    </ClCompile>
    <ClCompile Include="Problem#24 Upper first letter of each word.cpp">
      <Filter>Source Files</Filter>
    </ClCompile>
    <ClCompile Include="Problem#25 Lower First Letter in each word.cpp">
      <Filter>Source Files</Filter>
    </ClCompile>
    <ClCompile Include="Problem#26 Upper And Lower String.cpp">
      <Filter>Source Files</Filter>
    </ClCompile>
    <ClCompile Include="Problem#27 invert%27s charcter.cpp">
      <Filter>Source Files</Filter>
    </ClCompile>
    <ClCompile Include="Problem#28 Invert all letters in string.cpp">
      <Filter>Source Files</Filter>
    </ClCompile>
    <ClCompile Include="Problem#29 Count Capital And Small Letters.cpp">
      <Filter>Source Files</Filter>
    </ClCompile>
    <ClCompile Include="Problem#30 count letters .cpp">
      <Filter>Source Files</Filter>
    </ClCompile>
    <ClCompile Include="Problem#31  count Letters.cpp">
      <Filter>Source Files</Filter>
    </ClCompile>
    <ClCompile Include="Problem#32  Is Vowel.cpp">
      <Filter>Source Files</Filter>
    </ClCompile>
    <ClCompile Include="problem#33 Count Vowel.cpp">
      <Filter>Source Files</Filter>
    </ClCompile>
    <ClCompile Include="Problem#34 Print Vowels.cpp">
      <Filter>Source Files</Filter>
    </ClCompile>
    <ClCompile Include="Problem#35 Print Each Word In That String.cpp">
      <Filter>Source Files</Filter>
    </ClCompile>
    <ClCompile Include="Problem#36 Count Each Word In String.cpp">
      <Filter>Source Files</Filter>
    </ClCompile>
    <ClCompile Include="Problem#37  Split Function.cpp">
      <Filter>Source Files</Filter>
    </ClCompile>
    <ClCompile Include="Problem#38 trim.cpp">
      <Filter>Source Files</Filter>
    </ClCompile>
    <ClCompile Include="Problem#39 joinstring.cpp">
      <Filter>Source Files</Filter>
    </ClCompile>
    <ClCompile Include="Problem#40 overloading joinstring.cpp">
      <Filter>Source Files</Filter>
    </ClCompile>
    <ClCompile Include="Problem#41 reverse string.cpp">
      <Filter>Source Files</Filter>
    </ClCompile>
    <ClCompile Include="Problem#42 Replace Function.cpp">
      <Filter>Source Files</Filter>
    </ClCompile>
    <ClCompile Include="Problem#43 replace function.cpp">
      <Filter>Source Files</Filter>
    </ClCompile>
    <ClCompile Include="Problem#44 Remove Puctiotions.cpp">
      <Filter>Source Files</Filter>
    </ClCompile>
    <ClCompile Include="Problem#45 Convert Record To Line.cpp">
      <Filter>Source Files</Filter>
    </ClCompile>
    <ClCompile Include="Problem#46 Line Data To Record.cpp">
      <Filter>Source Files</Filter>
    </ClCompile>
    <ClCompile Include="problem#47  Add Clients To File.cpp">
      <Filter>Source Files</Filter>
    </ClCompile>
    <ClCompile Include="Problem#48 Show Clients.cpp">
      <Filter>Source Files</Filter>
    </ClCompile>
    <ClCompile Include="Problem#49 Find Client By Account Number.cpp">
      <Filter>Source Files</Filter>
    </ClCompile>
    <ClCompile Include="Problem#50 Delete Client By Account Number.cpp">
      <Filter>Source Files</Filter>
    </ClCompile>
    <ClCompile Include="Problem#51 Update Client By Account Number .cpp">
      <Filter>Source Files</Filter>
    </ClCompile>
  </ItemGroup>
</Project>